// !$*UTF8*$!
{
	archiveVersion = 1;
	classes = {
	};
	objectVersion = 46;
	objects = {

/* Begin PBXBuildFile section */
		2A0007251A90F1A7001A56B4 /* CircleLayout.m in Sources */ = {isa = PBXBuildFile; fileRef = 2A0007241A90F1A7001A56B4 /* CircleLayout.m */; };
		2A00072C1A90F5B7001A56B4 /* SeatsCollectionViewCell.swift in Sources */ = {isa = PBXBuildFile; fileRef = 2A00072A1A90F5B7001A56B4 /* SeatsCollectionViewCell.swift */; };
		2A00072D1A90F5B7001A56B4 /* SeatsCollectionViewCell.xib in Resources */ = {isa = PBXBuildFile; fileRef = 2A00072B1A90F5B7001A56B4 /* SeatsCollectionViewCell.xib */; };
		2A15B4001A90DBDD002805B9 /* SCLAlertView.swift in Sources */ = {isa = PBXBuildFile; fileRef = 2A15B3FF1A90DBDD002805B9 /* SCLAlertView.swift */; };
		2A2B98091A9060F800E5B953 /* MKButton.swift in Sources */ = {isa = PBXBuildFile; fileRef = 2A2B98021A9060F800E5B953 /* MKButton.swift */; };
		2A2B980A1A9060F800E5B953 /* MKColor.swift in Sources */ = {isa = PBXBuildFile; fileRef = 2A2B98031A9060F800E5B953 /* MKColor.swift */; };
		2A2B980B1A9060F800E5B953 /* MKImageView.swift in Sources */ = {isa = PBXBuildFile; fileRef = 2A2B98041A9060F800E5B953 /* MKImageView.swift */; };
		2A2B980C1A9060F800E5B953 /* MKLabel.swift in Sources */ = {isa = PBXBuildFile; fileRef = 2A2B98051A9060F800E5B953 /* MKLabel.swift */; };
		2A2B980D1A9060F800E5B953 /* MKLayer.swift in Sources */ = {isa = PBXBuildFile; fileRef = 2A2B98061A9060F800E5B953 /* MKLayer.swift */; };
		2A2B980E1A9060F800E5B953 /* MKTableViewCell.swift in Sources */ = {isa = PBXBuildFile; fileRef = 2A2B98071A9060F800E5B953 /* MKTableViewCell.swift */; };
		2A2B980F1A9060F800E5B953 /* MKTextField.swift in Sources */ = {isa = PBXBuildFile; fileRef = 2A2B98081A9060F800E5B953 /* MKTextField.swift */; };
		2A2B98141A907BFC00E5B953 /* RoleSettingViewController.swift in Sources */ = {isa = PBXBuildFile; fileRef = 2A2B98131A907BFC00E5B953 /* RoleSettingViewController.swift */; };
		2A2B981C1A907CB200E5B953 /* OTPageScrollView.m in Sources */ = {isa = PBXBuildFile; fileRef = 2A2B98171A907CB200E5B953 /* OTPageScrollView.m */; };
		2A2B981D1A907CB200E5B953 /* OTPageView.m in Sources */ = {isa = PBXBuildFile; fileRef = 2A2B98191A907CB200E5B953 /* OTPageView.m */; };
		2A2B98241A90CE6100E5B953 /* GameViewController.swift in Sources */ = {isa = PBXBuildFile; fileRef = 2A2B98231A90CE6100E5B953 /* GameViewController.swift */; };
		2A3414B31A84F5DE0041DE12 /* RolePurchaseTableViewCell.swift in Sources */ = {isa = PBXBuildFile; fileRef = 2A3414B11A84F5DE0041DE12 /* RolePurchaseTableViewCell.swift */; };
		2A3414B41A84F5DE0041DE12 /* RolePurchaseTableViewCell.xib in Resources */ = {isa = PBXBuildFile; fileRef = 2A3414B21A84F5DE0041DE12 /* RolePurchaseTableViewCell.xib */; };
		2A4F13D51A989FF100B0E3B3 /* BackgroundMusicManager.swift in Sources */ = {isa = PBXBuildFile; fileRef = 2A4F13D41A989FF100B0E3B3 /* BackgroundMusicManager.swift */; };
		2A4F13D71A98A00600B0E3B3 /* コールドフィッシュ.mp3 in Resources */ = {isa = PBXBuildFile; fileRef = 2A4F13D61A98A00600B0E3B3 /* コールドフィッシュ.mp3 */; };
		2A5491E51A5B7AAE0021D860 /* AppDelegate.swift in Sources */ = {isa = PBXBuildFile; fileRef = 2A5491E41A5B7AAE0021D860 /* AppDelegate.swift */; };
		2A5491E71A5B7AAE0021D860 /* ViewController.swift in Sources */ = {isa = PBXBuildFile; fileRef = 2A5491E61A5B7AAE0021D860 /* ViewController.swift */; };
		2A5491EA1A5B7AAE0021D860 /* Main.storyboard in Resources */ = {isa = PBXBuildFile; fileRef = 2A5491E81A5B7AAE0021D860 /* Main.storyboard */; };
		2A5491EC1A5B7AAE0021D860 /* Images.xcassets in Resources */ = {isa = PBXBuildFile; fileRef = 2A5491EB1A5B7AAE0021D860 /* Images.xcassets */; };
		2A5491EF1A5B7AAE0021D860 /* LaunchScreen.xib in Resources */ = {isa = PBXBuildFile; fileRef = 2A5491ED1A5B7AAE0021D860 /* LaunchScreen.xib */; };
		2A5491FB1A5B7AAE0021D860 /* JinroHelperTests.swift in Sources */ = {isa = PBXBuildFile; fileRef = 2A5491FA1A5B7AAE0021D860 /* JinroHelperTests.swift */; };
		2A5C09431A99C64700365A91 /* 人狼150.png in Resources */ = {isa = PBXBuildFile; fileRef = 2A5C09401A99C64700365A91 /* 人狼150.png */; };
		2A5C09441A99C64700365A91 /* 村人150.png in Resources */ = {isa = PBXBuildFile; fileRef = 2A5C09411A99C64700365A91 /* 村人150.png */; };
		2A5C09451A99C64700365A91 /* 第3勢力150.png in Resources */ = {isa = PBXBuildFile; fileRef = 2A5C09421A99C64700365A91 /* 第3勢力150.png */; };
		2A5C09471A99C77900365A91 /* RoleNumberSettingViewController.swift in Sources */ = {isa = PBXBuildFile; fileRef = 2A5C09461A99C77900365A91 /* RoleNumberSettingViewController.swift */; };
		2A5C094C1A99C9D200365A91 /* frame.png in Resources */ = {isa = PBXBuildFile; fileRef = 2A5C09481A99C9D200365A91 /* frame.png */; };
		2A5C094D1A99C9D200365A91 /* 人狼150s.png in Resources */ = {isa = PBXBuildFile; fileRef = 2A5C09491A99C9D200365A91 /* 人狼150s.png */; };
		2A5C094E1A99C9D200365A91 /* 村人150s.png in Resources */ = {isa = PBXBuildFile; fileRef = 2A5C094A1A99C9D200365A91 /* 村人150s.png */; };
		2A5C094F1A99C9D200365A91 /* 第3勢力150s.png in Resources */ = {isa = PBXBuildFile; fileRef = 2A5C094B1A99C9D200365A91 /* 第3勢力150s.png */; };
		2A5C09511A99D44E00365A91 /* RoleSettingCollectionViewCell.swift in Sources */ = {isa = PBXBuildFile; fileRef = 2A5C09501A99D44E00365A91 /* RoleSettingCollectionViewCell.swift */; };
		2A6778071A98D1B70011DACE /* BBTableView.m in Sources */ = {isa = PBXBuildFile; fileRef = 2A6778011A98D1B70011DACE /* BBTableView.m */; };
		2A6778091A98D1B70011DACE /* BBTableViewInterceptor.m in Sources */ = {isa = PBXBuildFile; fileRef = 2A6778051A98D1B70011DACE /* BBTableViewInterceptor.m */; };
		2A67780C1A98D4AE0011DACE /* SeatsTableViewCell.swift in Sources */ = {isa = PBXBuildFile; fileRef = 2A67780A1A98D4AE0011DACE /* SeatsTableViewCell.swift */; };
		2A67780D1A98D4AE0011DACE /* SeatsTableViewCell.xib in Resources */ = {isa = PBXBuildFile; fileRef = 2A67780B1A98D4AE0011DACE /* SeatsTableViewCell.xib */; };
		2A708AAB1A8AFAB7003B1085 /* RolePurchaseTableViewController.swift in Sources */ = {isa = PBXBuildFile; fileRef = 2A708AAA1A8AFAB7003B1085 /* RolePurchaseTableViewController.swift */; };
		2A708AE21A8B0CF9003B1085 /* JinroHelper.xcdatamodeld in Sources */ = {isa = PBXBuildFile; fileRef = 2A708AE01A8B0CF9003B1085 /* JinroHelper.xcdatamodeld */; };
		2ADD538D1A98F45E00C6B3A7 /* FOT-BudoStd-L.otf in Resources */ = {isa = PBXBuildFile; fileRef = 2ADD538B1A98F45E00C6B3A7 /* FOT-BudoStd-L.otf */; };
		2ADD538E1A98F45E00C6B3A7 /* JOURNAL.TTF in Resources */ = {isa = PBXBuildFile; fileRef = 2ADD538C1A98F45E00C6B3A7 /* JOURNAL.TTF */; };
		2ADD53901A98F47400C6B3A7 /* RoleData.swift in Sources */ = {isa = PBXBuildFile; fileRef = 2ADD538F1A98F47400C6B3A7 /* RoleData.swift */; };
		2ADD53A81A99B87800C6B3A7 /* Icon-40.png in Resources */ = {isa = PBXBuildFile; fileRef = 2ADD53941A99B87800C6B3A7 /* Icon-40.png */; };
		2ADD53A91A99B87800C6B3A7 /* Icon-40@2x.png in Resources */ = {isa = PBXBuildFile; fileRef = 2ADD53951A99B87800C6B3A7 /* Icon-40@2x.png */; };
		2ADD53AA1A99B87800C6B3A7 /* Icon-40@3x.png in Resources */ = {isa = PBXBuildFile; fileRef = 2ADD53961A99B87800C6B3A7 /* Icon-40@3x.png */; };
		2ADD53AB1A99B87800C6B3A7 /* Icon-60@2x.png in Resources */ = {isa = PBXBuildFile; fileRef = 2ADD53971A99B87800C6B3A7 /* Icon-60@2x.png */; };
		2ADD53AC1A99B87800C6B3A7 /* Icon-60@3x.png in Resources */ = {isa = PBXBuildFile; fileRef = 2ADD53981A99B87800C6B3A7 /* Icon-60@3x.png */; };
		2ADD53AF1A99B87800C6B3A7 /* Icon-Small.png in Resources */ = {isa = PBXBuildFile; fileRef = 2ADD539B1A99B87800C6B3A7 /* Icon-Small.png */; };
		2ADD53B01A99B87800C6B3A7 /* Icon-Small@2x.png in Resources */ = {isa = PBXBuildFile; fileRef = 2ADD539C1A99B87800C6B3A7 /* Icon-Small@2x.png */; };
		2ADD53B11A99B87800C6B3A7 /* Icon-Small@3x.png in Resources */ = {isa = PBXBuildFile; fileRef = 2ADD539D1A99B87800C6B3A7 /* Icon-Small@3x.png */; };
		2ADD53B51A99B87800C6B3A7 /* Icon-Small-50.png in Resources */ = {isa = PBXBuildFile; fileRef = 2ADD53A11A99B87800C6B3A7 /* Icon-Small-50.png */; };
		2ADD53B61A99B87800C6B3A7 /* Icon-Small-50@2x.png in Resources */ = {isa = PBXBuildFile; fileRef = 2ADD53A21A99B87800C6B3A7 /* Icon-Small-50@2x.png */; };
		2AE3869C1A8BB305003CB8B7 /* AssignViewController.swift in Sources */ = {isa = PBXBuildFile; fileRef = 2AE3869B1A8BB305003CB8B7 /* AssignViewController.swift */; };
		76BDDA31F36319251202F7C8 /* libPods.a in Frameworks */ = {isa = PBXBuildFile; fileRef = 9F73373C017F7C489572E3FF /* libPods.a */; };
/* End PBXBuildFile section */

/* Begin PBXContainerItemProxy section */
		2A5491F51A5B7AAE0021D860 /* PBXContainerItemProxy */ = {
			isa = PBXContainerItemProxy;
			containerPortal = 2A5491D71A5B7AAE0021D860 /* Project object */;
			proxyType = 1;
			remoteGlobalIDString = 2A5491DE1A5B7AAE0021D860;
			remoteInfo = JinroHelper;
		};
/* End PBXContainerItemProxy section */

/* Begin PBXFileReference section */
		2A0007231A90F1A7001A56B4 /* CircleLayout.h */ = {isa = PBXFileReference; fileEncoding = 4; lastKnownFileType = sourcecode.c.h; path = CircleLayout.h; sourceTree = "<group>"; };
		2A0007241A90F1A7001A56B4 /* CircleLayout.m */ = {isa = PBXFileReference; fileEncoding = 4; lastKnownFileType = sourcecode.c.objc; path = CircleLayout.m; sourceTree = "<group>"; };
		2A00072A1A90F5B7001A56B4 /* SeatsCollectionViewCell.swift */ = {isa = PBXFileReference; fileEncoding = 4; lastKnownFileType = sourcecode.swift; path = SeatsCollectionViewCell.swift; sourceTree = "<group>"; };
		2A00072B1A90F5B7001A56B4 /* SeatsCollectionViewCell.xib */ = {isa = PBXFileReference; fileEncoding = 4; lastKnownFileType = file.xib; path = SeatsCollectionViewCell.xib; sourceTree = "<group>"; };
		2A15B3FF1A90DBDD002805B9 /* SCLAlertView.swift */ = {isa = PBXFileReference; fileEncoding = 4; lastKnownFileType = sourcecode.swift; path = SCLAlertView.swift; sourceTree = "<group>"; };
		2A2B98021A9060F800E5B953 /* MKButton.swift */ = {isa = PBXFileReference; fileEncoding = 4; lastKnownFileType = sourcecode.swift; path = MKButton.swift; sourceTree = "<group>"; };
		2A2B98031A9060F800E5B953 /* MKColor.swift */ = {isa = PBXFileReference; fileEncoding = 4; lastKnownFileType = sourcecode.swift; path = MKColor.swift; sourceTree = "<group>"; };
		2A2B98041A9060F800E5B953 /* MKImageView.swift */ = {isa = PBXFileReference; fileEncoding = 4; lastKnownFileType = sourcecode.swift; path = MKImageView.swift; sourceTree = "<group>"; };
		2A2B98051A9060F800E5B953 /* MKLabel.swift */ = {isa = PBXFileReference; fileEncoding = 4; lastKnownFileType = sourcecode.swift; path = MKLabel.swift; sourceTree = "<group>"; };
		2A2B98061A9060F800E5B953 /* MKLayer.swift */ = {isa = PBXFileReference; fileEncoding = 4; lastKnownFileType = sourcecode.swift; path = MKLayer.swift; sourceTree = "<group>"; };
		2A2B98071A9060F800E5B953 /* MKTableViewCell.swift */ = {isa = PBXFileReference; fileEncoding = 4; lastKnownFileType = sourcecode.swift; path = MKTableViewCell.swift; sourceTree = "<group>"; };
		2A2B98081A9060F800E5B953 /* MKTextField.swift */ = {isa = PBXFileReference; fileEncoding = 4; lastKnownFileType = sourcecode.swift; path = MKTextField.swift; sourceTree = "<group>"; };
		2A2B98131A907BFC00E5B953 /* RoleSettingViewController.swift */ = {isa = PBXFileReference; fileEncoding = 4; lastKnownFileType = sourcecode.swift; path = RoleSettingViewController.swift; sourceTree = "<group>"; };
		2A2B98151A907CB100E5B953 /* JinroHelper-Bridging-Header.h */ = {isa = PBXFileReference; lastKnownFileType = sourcecode.c.h; path = "JinroHelper-Bridging-Header.h"; sourceTree = SOURCE_ROOT; };
		2A2B98161A907CB200E5B953 /* OTPageScrollView.h */ = {isa = PBXFileReference; fileEncoding = 4; lastKnownFileType = sourcecode.c.h; path = OTPageScrollView.h; sourceTree = "<group>"; };
		2A2B98171A907CB200E5B953 /* OTPageScrollView.m */ = {isa = PBXFileReference; fileEncoding = 4; lastKnownFileType = sourcecode.c.objc; path = OTPageScrollView.m; sourceTree = "<group>"; };
		2A2B98181A907CB200E5B953 /* OTPageView.h */ = {isa = PBXFileReference; fileEncoding = 4; lastKnownFileType = sourcecode.c.h; path = OTPageView.h; sourceTree = "<group>"; };
		2A2B98191A907CB200E5B953 /* OTPageView.m */ = {isa = PBXFileReference; fileEncoding = 4; lastKnownFileType = sourcecode.c.objc; path = OTPageView.m; sourceTree = "<group>"; };
		2A2B98231A90CE6100E5B953 /* GameViewController.swift */ = {isa = PBXFileReference; fileEncoding = 4; lastKnownFileType = sourcecode.swift; path = GameViewController.swift; sourceTree = "<group>"; };
		2A3414B11A84F5DE0041DE12 /* RolePurchaseTableViewCell.swift */ = {isa = PBXFileReference; fileEncoding = 4; lastKnownFileType = sourcecode.swift; path = RolePurchaseTableViewCell.swift; sourceTree = "<group>"; };
		2A3414B21A84F5DE0041DE12 /* RolePurchaseTableViewCell.xib */ = {isa = PBXFileReference; fileEncoding = 4; lastKnownFileType = file.xib; path = RolePurchaseTableViewCell.xib; sourceTree = "<group>"; };
		2A4F13D41A989FF100B0E3B3 /* BackgroundMusicManager.swift */ = {isa = PBXFileReference; fileEncoding = 4; lastKnownFileType = sourcecode.swift; path = BackgroundMusicManager.swift; sourceTree = "<group>"; };
		2A4F13D61A98A00600B0E3B3 /* コールドフィッシュ.mp3 */ = {isa = PBXFileReference; lastKnownFileType = audio.mp3; path = "コールドフィッシュ.mp3"; sourceTree = "<group>"; };
		2A5491DF1A5B7AAE0021D860 /* JinroHelper.app */ = {isa = PBXFileReference; explicitFileType = wrapper.application; includeInIndex = 0; path = JinroHelper.app; sourceTree = BUILT_PRODUCTS_DIR; };
		2A5491E31A5B7AAE0021D860 /* Info.plist */ = {isa = PBXFileReference; lastKnownFileType = text.plist.xml; path = Info.plist; sourceTree = "<group>"; };
		2A5491E41A5B7AAE0021D860 /* AppDelegate.swift */ = {isa = PBXFileReference; lastKnownFileType = sourcecode.swift; path = AppDelegate.swift; sourceTree = "<group>"; };
		2A5491E61A5B7AAE0021D860 /* ViewController.swift */ = {isa = PBXFileReference; lastKnownFileType = sourcecode.swift; path = ViewController.swift; sourceTree = "<group>"; };
		2A5491E91A5B7AAE0021D860 /* Base */ = {isa = PBXFileReference; lastKnownFileType = file.storyboard; name = Base; path = Base.lproj/Main.storyboard; sourceTree = "<group>"; };
		2A5491EB1A5B7AAE0021D860 /* Images.xcassets */ = {isa = PBXFileReference; lastKnownFileType = folder.assetcatalog; path = Images.xcassets; sourceTree = "<group>"; };
		2A5491EE1A5B7AAE0021D860 /* Base */ = {isa = PBXFileReference; lastKnownFileType = file.xib; name = Base; path = Base.lproj/LaunchScreen.xib; sourceTree = "<group>"; };
		2A5491F41A5B7AAE0021D860 /* JinroHelperTests.xctest */ = {isa = PBXFileReference; explicitFileType = wrapper.cfbundle; includeInIndex = 0; path = JinroHelperTests.xctest; sourceTree = BUILT_PRODUCTS_DIR; };
		2A5491F91A5B7AAE0021D860 /* Info.plist */ = {isa = PBXFileReference; lastKnownFileType = text.plist.xml; path = Info.plist; sourceTree = "<group>"; };
		2A5491FA1A5B7AAE0021D860 /* JinroHelperTests.swift */ = {isa = PBXFileReference; lastKnownFileType = sourcecode.swift; path = JinroHelperTests.swift; sourceTree = "<group>"; };
		2A5C09401A99C64700365A91 /* 人狼150.png */ = {isa = PBXFileReference; lastKnownFileType = image.png; path = "人狼150.png"; sourceTree = "<group>"; };
		2A5C09411A99C64700365A91 /* 村人150.png */ = {isa = PBXFileReference; lastKnownFileType = image.png; path = "村人150.png"; sourceTree = "<group>"; };
		2A5C09421A99C64700365A91 /* 第3勢力150.png */ = {isa = PBXFileReference; lastKnownFileType = image.png; path = "第3勢力150.png"; sourceTree = "<group>"; };
		2A5C09461A99C77900365A91 /* RoleNumberSettingViewController.swift */ = {isa = PBXFileReference; fileEncoding = 4; lastKnownFileType = sourcecode.swift; path = RoleNumberSettingViewController.swift; sourceTree = "<group>"; };
		2A5C09481A99C9D200365A91 /* frame.png */ = {isa = PBXFileReference; lastKnownFileType = image.png; path = frame.png; sourceTree = "<group>"; };
		2A5C09491A99C9D200365A91 /* 人狼150s.png */ = {isa = PBXFileReference; lastKnownFileType = image.png; path = "人狼150s.png"; sourceTree = "<group>"; };
		2A5C094A1A99C9D200365A91 /* 村人150s.png */ = {isa = PBXFileReference; lastKnownFileType = image.png; path = "村人150s.png"; sourceTree = "<group>"; };
		2A5C094B1A99C9D200365A91 /* 第3勢力150s.png */ = {isa = PBXFileReference; lastKnownFileType = image.png; path = "第3勢力150s.png"; sourceTree = "<group>"; };
		2A5C09501A99D44E00365A91 /* RoleSettingCollectionViewCell.swift */ = {isa = PBXFileReference; fileEncoding = 4; lastKnownFileType = sourcecode.swift; path = RoleSettingCollectionViewCell.swift; sourceTree = "<group>"; };
		2A6778001A98D1B70011DACE /* BBTableView.h */ = {isa = PBXFileReference; fileEncoding = 4; lastKnownFileType = sourcecode.c.h; path = BBTableView.h; sourceTree = "<group>"; };
		2A6778011A98D1B70011DACE /* BBTableView.m */ = {isa = PBXFileReference; fileEncoding = 4; lastKnownFileType = sourcecode.c.objc; path = BBTableView.m; sourceTree = "<group>"; };
		2A6778041A98D1B70011DACE /* BBTableViewInterceptor.h */ = {isa = PBXFileReference; fileEncoding = 4; lastKnownFileType = sourcecode.c.h; path = BBTableViewInterceptor.h; sourceTree = "<group>"; };
		2A6778051A98D1B70011DACE /* BBTableViewInterceptor.m */ = {isa = PBXFileReference; fileEncoding = 4; lastKnownFileType = sourcecode.c.objc; path = BBTableViewInterceptor.m; sourceTree = "<group>"; };
		2A67780A1A98D4AE0011DACE /* SeatsTableViewCell.swift */ = {isa = PBXFileReference; fileEncoding = 4; lastKnownFileType = sourcecode.swift; path = SeatsTableViewCell.swift; sourceTree = "<group>"; };
		2A67780B1A98D4AE0011DACE /* SeatsTableViewCell.xib */ = {isa = PBXFileReference; fileEncoding = 4; lastKnownFileType = file.xib; path = SeatsTableViewCell.xib; sourceTree = "<group>"; };
		2A708AAA1A8AFAB7003B1085 /* RolePurchaseTableViewController.swift */ = {isa = PBXFileReference; fileEncoding = 4; lastKnownFileType = sourcecode.swift; path = RolePurchaseTableViewController.swift; sourceTree = "<group>"; };
		2A708AE11A8B0CF9003B1085 /* JinroHelper.xcdatamodel */ = {isa = PBXFileReference; lastKnownFileType = wrapper.xcdatamodel; path = JinroHelper.xcdatamodel; sourceTree = "<group>"; };
		2ADD538B1A98F45E00C6B3A7 /* FOT-BudoStd-L.otf */ = {isa = PBXFileReference; lastKnownFileType = file; path = "FOT-BudoStd-L.otf"; sourceTree = "<group>"; };
		2ADD538C1A98F45E00C6B3A7 /* JOURNAL.TTF */ = {isa = PBXFileReference; lastKnownFileType = file; path = JOURNAL.TTF; sourceTree = "<group>"; };
		2ADD538F1A98F47400C6B3A7 /* RoleData.swift */ = {isa = PBXFileReference; fileEncoding = 4; lastKnownFileType = sourcecode.swift; path = RoleData.swift; sourceTree = "<group>"; };
		2ADD53941A99B87800C6B3A7 /* Icon-40.png */ = {isa = PBXFileReference; lastKnownFileType = image.png; name = "Icon-40.png"; path = "AppIcon.appiconset/Icon-40.png"; sourceTree = "<group>"; };
		2ADD53951A99B87800C6B3A7 /* Icon-40@2x.png */ = {isa = PBXFileReference; lastKnownFileType = image.png; name = "Icon-40@2x.png"; path = "AppIcon.appiconset/Icon-40@2x.png"; sourceTree = "<group>"; };
		2ADD53961A99B87800C6B3A7 /* Icon-40@3x.png */ = {isa = PBXFileReference; lastKnownFileType = image.png; name = "Icon-40@3x.png"; path = "AppIcon.appiconset/Icon-40@3x.png"; sourceTree = "<group>"; };
		2ADD53971A99B87800C6B3A7 /* Icon-60@2x.png */ = {isa = PBXFileReference; lastKnownFileType = image.png; name = "Icon-60@2x.png"; path = "AppIcon.appiconset/Icon-60@2x.png"; sourceTree = "<group>"; };
		2ADD53981A99B87800C6B3A7 /* Icon-60@3x.png */ = {isa = PBXFileReference; lastKnownFileType = image.png; name = "Icon-60@3x.png"; path = "AppIcon.appiconset/Icon-60@3x.png"; sourceTree = "<group>"; };
		2ADD539B1A99B87800C6B3A7 /* Icon-Small.png */ = {isa = PBXFileReference; lastKnownFileType = image.png; name = "Icon-Small.png"; path = "AppIcon.appiconset/Icon-Small.png"; sourceTree = "<group>"; };
		2ADD539C1A99B87800C6B3A7 /* Icon-Small@2x.png */ = {isa = PBXFileReference; lastKnownFileType = image.png; name = "Icon-Small@2x.png"; path = "AppIcon.appiconset/Icon-Small@2x.png"; sourceTree = "<group>"; };
		2ADD539D1A99B87800C6B3A7 /* Icon-Small@3x.png */ = {isa = PBXFileReference; lastKnownFileType = image.png; name = "Icon-Small@3x.png"; path = "AppIcon.appiconset/Icon-Small@3x.png"; sourceTree = "<group>"; };
		2ADD53A11A99B87800C6B3A7 /* Icon-Small-50.png */ = {isa = PBXFileReference; lastKnownFileType = image.png; path = "Icon-Small-50.png"; sourceTree = "<group>"; };
		2ADD53A21A99B87800C6B3A7 /* Icon-Small-50@2x.png */ = {isa = PBXFileReference; lastKnownFileType = image.png; path = "Icon-Small-50@2x.png"; sourceTree = "<group>"; };
		2AE3869B1A8BB305003CB8B7 /* AssignViewController.swift */ = {isa = PBXFileReference; fileEncoding = 4; lastKnownFileType = sourcecode.swift; path = AssignViewController.swift; sourceTree = "<group>"; };
		7683E2E7E27FC85C90772DC0 /* Pods.debug.xcconfig */ = {isa = PBXFileReference; includeInIndex = 1; lastKnownFileType = text.xcconfig; name = Pods.debug.xcconfig; path = "Pods/Target Support Files/Pods/Pods.debug.xcconfig"; sourceTree = "<group>"; };
		9F73373C017F7C489572E3FF /* libPods.a */ = {isa = PBXFileReference; explicitFileType = archive.ar; includeInIndex = 0; path = libPods.a; sourceTree = BUILT_PRODUCTS_DIR; };
		CF48E132A30DCDC322CE500E /* Pods.release.xcconfig */ = {isa = PBXFileReference; includeInIndex = 1; lastKnownFileType = text.xcconfig; name = Pods.release.xcconfig; path = "Pods/Target Support Files/Pods/Pods.release.xcconfig"; sourceTree = "<group>"; };
/* End PBXFileReference section */

/* Begin PBXFrameworksBuildPhase section */
		2A5491DC1A5B7AAE0021D860 /* Frameworks */ = {
			isa = PBXFrameworksBuildPhase;
			buildActionMask = 2147483647;
			files = (
				76BDDA31F36319251202F7C8 /* libPods.a in Frameworks */,
			);
			runOnlyForDeploymentPostprocessing = 0;
		};
		2A5491F11A5B7AAE0021D860 /* Frameworks */ = {
			isa = PBXFrameworksBuildPhase;
			buildActionMask = 2147483647;
			files = (
			);
			runOnlyForDeploymentPostprocessing = 0;
		};
/* End PBXFrameworksBuildPhase section */

/* Begin PBXGroup section */
		2A0007261A90F1AD001A56B4 /* CircleLayout */ = {
			isa = PBXGroup;
			children = (
				2A0007231A90F1A7001A56B4 /* CircleLayout.h */,
				2A0007241A90F1A7001A56B4 /* CircleLayout.m */,
			);
			name = CircleLayout;
			sourceTree = "<group>";
		};
		2A15B3FE1A90DBDD002805B9 /* SCLAlertView */ = {
			isa = PBXGroup;
			children = (
				2A15B3FF1A90DBDD002805B9 /* SCLAlertView.swift */,
			);
			name = SCLAlertView;
			path = Classes;
			sourceTree = "<group>";
		};
		2A15B4011A90DBE5002805B9 /* Libraries */ = {
			isa = PBXGroup;
			children = (
				2A2B981F1A907CBE00E5B953 /* OTPageScrollView */,
				2A6777FC1A98D1B70011DACE /* BBTableView */,
				2A0007261A90F1AD001A56B4 /* CircleLayout */,
				2A2B98011A9060F800E5B953 /* MaterialKit */,
				2A15B3FE1A90DBDD002805B9 /* SCLAlertView */,
			);
			name = Libraries;
			sourceTree = "<group>";
		};
		2A2B98011A9060F800E5B953 /* MaterialKit */ = {
			isa = PBXGroup;
			children = (
				2A2B98021A9060F800E5B953 /* MKButton.swift */,
				2A2B98031A9060F800E5B953 /* MKColor.swift */,
				2A2B98041A9060F800E5B953 /* MKImageView.swift */,
				2A2B98051A9060F800E5B953 /* MKLabel.swift */,
				2A2B98061A9060F800E5B953 /* MKLayer.swift */,
				2A2B98071A9060F800E5B953 /* MKTableViewCell.swift */,
				2A2B98081A9060F800E5B953 /* MKTextField.swift */,
			);
			path = MaterialKit;
			sourceTree = "<group>";
		};
		2A2B981F1A907CBE00E5B953 /* OTPageScrollView */ = {
			isa = PBXGroup;
			children = (
				2A2B98161A907CB200E5B953 /* OTPageScrollView.h */,
				2A2B98171A907CB200E5B953 /* OTPageScrollView.m */,
				2A2B98181A907CB200E5B953 /* OTPageView.h */,
				2A2B98191A907CB200E5B953 /* OTPageView.m */,
			);
			name = OTPageScrollView;
			path = ..;
			sourceTree = "<group>";
		};
		2A5491D61A5B7AAE0021D860 = {
			isa = PBXGroup;
			children = (
				2A5491E11A5B7AAE0021D860 /* JinroHelper */,
				2A5491F71A5B7AAE0021D860 /* JinroHelperTests */,
				2A5491E01A5B7AAE0021D860 /* Products */,
				FC77DAF8E9D68C522AF161BC /* Pods */,
				719FDC5A038EEF84DEF8680D /* Frameworks */,
			);
			sourceTree = "<group>";
		};
		2A5491E01A5B7AAE0021D860 /* Products */ = {
			isa = PBXGroup;
			children = (
				2A5491DF1A5B7AAE0021D860 /* JinroHelper.app */,
				2A5491F41A5B7AAE0021D860 /* JinroHelperTests.xctest */,
			);
			name = Products;
			sourceTree = "<group>";
		};
		2A5491E11A5B7AAE0021D860 /* JinroHelper */ = {
			isa = PBXGroup;
			children = (
				2AE3869F1A8C43C7003CB8B7 /* Controller */,
				2AE3869E1A8C43C0003CB8B7 /* View */,
				2AE3869D1A8C43B5003CB8B7 /* Model */,
				2A5491EB1A5B7AAE0021D860 /* Images.xcassets */,
				2A15B4011A90DBE5002805B9 /* Libraries */,
				2ADD538A1A98F45E00C6B3A7 /* fonts */,
				2ADD53881A98EBAC00C6B3A7 /* Music */,
				2A5491E21A5B7AAE0021D860 /* Supporting Files */,
			);
			path = JinroHelper;
			sourceTree = "<group>";
		};
		2A5491E21A5B7AAE0021D860 /* Supporting Files */ = {
			isa = PBXGroup;
			children = (
				2A5C093F1A99C64700365A91 /* サムネイル */,
				2ADD53911A99B87800C6B3A7 /* icons */,
				2A5491E31A5B7AAE0021D860 /* Info.plist */,
			);
			name = "Supporting Files";
			sourceTree = "<group>";
		};
		2A5491F71A5B7AAE0021D860 /* JinroHelperTests */ = {
			isa = PBXGroup;
			children = (
				2A5491FA1A5B7AAE0021D860 /* JinroHelperTests.swift */,
				2A5491F81A5B7AAE0021D860 /* Supporting Files */,
			);
			path = JinroHelperTests;
			sourceTree = "<group>";
		};
		2A5491F81A5B7AAE0021D860 /* Supporting Files */ = {
			isa = PBXGroup;
			children = (
				2A5491F91A5B7AAE0021D860 /* Info.plist */,
			);
			name = "Supporting Files";
			sourceTree = "<group>";
		};
		2A5C093F1A99C64700365A91 /* サムネイル */ = {
			isa = PBXGroup;
			children = (
				2A5C09481A99C9D200365A91 /* frame.png */,
				2A5C09491A99C9D200365A91 /* 人狼150s.png */,
				2A5C094A1A99C9D200365A91 /* 村人150s.png */,
				2A5C094B1A99C9D200365A91 /* 第3勢力150s.png */,
				2A5C09401A99C64700365A91 /* 人狼150.png */,
				2A5C09411A99C64700365A91 /* 村人150.png */,
				2A5C09421A99C64700365A91 /* 第3勢力150.png */,
			);
			path = "サムネイル";
			sourceTree = "<group>";
		};
		2A6777FC1A98D1B70011DACE /* BBTableView */ = {
			isa = PBXGroup;
			children = (
				2A6778001A98D1B70011DACE /* BBTableView.h */,
				2A6778011A98D1B70011DACE /* BBTableView.m */,
				2A6778031A98D1B70011DACE /* Interceptor */,
			);
			path = BBTableView;
			sourceTree = "<group>";
		};
		2A6778031A98D1B70011DACE /* Interceptor */ = {
			isa = PBXGroup;
			children = (
				2A6778041A98D1B70011DACE /* BBTableViewInterceptor.h */,
				2A6778051A98D1B70011DACE /* BBTableViewInterceptor.m */,
			);
			path = Interceptor;
			sourceTree = "<group>";
		};
		2ADD53881A98EBAC00C6B3A7 /* Music */ = {
			isa = PBXGroup;
			children = (
				2A4F13D61A98A00600B0E3B3 /* コールドフィッシュ.mp3 */,
			);
			name = Music;
			sourceTree = "<group>";
		};
		2ADD538A1A98F45E00C6B3A7 /* fonts */ = {
			isa = PBXGroup;
			children = (
				2ADD538B1A98F45E00C6B3A7 /* FOT-BudoStd-L.otf */,
				2ADD538C1A98F45E00C6B3A7 /* JOURNAL.TTF */,
			);
			path = fonts;
			sourceTree = "<group>";
		};
		2ADD53911A99B87800C6B3A7 /* icons */ = {
			isa = PBXGroup;
			children = (
				2ADD53941A99B87800C6B3A7 /* Icon-40.png */,
				2ADD53951A99B87800C6B3A7 /* Icon-40@2x.png */,
				2ADD53961A99B87800C6B3A7 /* Icon-40@3x.png */,
				2ADD53971A99B87800C6B3A7 /* Icon-60@2x.png */,
				2ADD53981A99B87800C6B3A7 /* Icon-60@3x.png */,
				2ADD539B1A99B87800C6B3A7 /* Icon-Small.png */,
				2ADD539C1A99B87800C6B3A7 /* Icon-Small@2x.png */,
				2ADD539D1A99B87800C6B3A7 /* Icon-Small@3x.png */,
				2ADD53A11A99B87800C6B3A7 /* Icon-Small-50.png */,
				2ADD53A21A99B87800C6B3A7 /* Icon-Small-50@2x.png */,
			);
			name = icons;
			path = ios;
			sourceTree = "<group>";
		};
		2AE3869D1A8C43B5003CB8B7 /* Model */ = {
			isa = PBXGroup;
			children = (
				2A5491E41A5B7AAE0021D860 /* AppDelegate.swift */,
				2ADD538F1A98F47400C6B3A7 /* RoleData.swift */,
				2A2B98151A907CB100E5B953 /* JinroHelper-Bridging-Header.h */,
				2A708AE01A8B0CF9003B1085 /* JinroHelper.xcdatamodeld */,
				2A4F13D41A989FF100B0E3B3 /* BackgroundMusicManager.swift */,
			);
			name = Model;
			sourceTree = "<group>";
		};
		2AE3869E1A8C43C0003CB8B7 /* View */ = {
			isa = PBXGroup;
			children = (
				2A5491E81A5B7AAE0021D860 /* Main.storyboard */,
				2A00072B1A90F5B7001A56B4 /* SeatsCollectionViewCell.xib */,
				2A3414B21A84F5DE0041DE12 /* RolePurchaseTableViewCell.xib */,
				2A67780B1A98D4AE0011DACE /* SeatsTableViewCell.xib */,
				2A5491ED1A5B7AAE0021D860 /* LaunchScreen.xib */,
			);
			name = View;
			sourceTree = "<group>";
		};
		2AE3869F1A8C43C7003CB8B7 /* Controller */ = {
			isa = PBXGroup;
			children = (
				2A5491E61A5B7AAE0021D860 /* ViewController.swift */,
				2A708AAA1A8AFAB7003B1085 /* RolePurchaseTableViewController.swift */,
				2A3414B11A84F5DE0041DE12 /* RolePurchaseTableViewCell.swift */,
				2A00072A1A90F5B7001A56B4 /* SeatsCollectionViewCell.swift */,
				2AE3869B1A8BB305003CB8B7 /* AssignViewController.swift */,
				2A2B98131A907BFC00E5B953 /* RoleSettingViewController.swift */,
				2A2B98231A90CE6100E5B953 /* GameViewController.swift */,
				2A67780A1A98D4AE0011DACE /* SeatsTableViewCell.swift */,
				2A5C09461A99C77900365A91 /* RoleNumberSettingViewController.swift */,
				2A5C09501A99D44E00365A91 /* RoleSettingCollectionViewCell.swift */,
			);
			name = Controller;
			sourceTree = "<group>";
		};
		719FDC5A038EEF84DEF8680D /* Frameworks */ = {
			isa = PBXGroup;
			children = (
				9F73373C017F7C489572E3FF /* libPods.a */,
			);
			name = Frameworks;
			sourceTree = "<group>";
		};
		FC77DAF8E9D68C522AF161BC /* Pods */ = {
			isa = PBXGroup;
			children = (
				7683E2E7E27FC85C90772DC0 /* Pods.debug.xcconfig */,
				CF48E132A30DCDC322CE500E /* Pods.release.xcconfig */,
			);
			name = Pods;
			sourceTree = "<group>";
		};
/* End PBXGroup section */

/* Begin PBXNativeTarget section */
		2A5491DE1A5B7AAE0021D860 /* JinroHelper */ = {
			isa = PBXNativeTarget;
			buildConfigurationList = 2A5491FE1A5B7AAE0021D860 /* Build configuration list for PBXNativeTarget "JinroHelper" */;
			buildPhases = (
				ED2EBAFCE20967B4C5E1A1EC /* Check Pods Manifest.lock */,
				2A5491DB1A5B7AAE0021D860 /* Sources */,
				2A5491DC1A5B7AAE0021D860 /* Frameworks */,
				2A5491DD1A5B7AAE0021D860 /* Resources */,
				6A93B42EB06F57B1D8AE7D9E /* Copy Pods Resources */,
			);
			buildRules = (
			);
			dependencies = (
			);
			name = JinroHelper;
			productName = JinroHelper;
			productReference = 2A5491DF1A5B7AAE0021D860 /* JinroHelper.app */;
			productType = "com.apple.product-type.application";
		};
		2A5491F31A5B7AAE0021D860 /* JinroHelperTests */ = {
			isa = PBXNativeTarget;
			buildConfigurationList = 2A5492011A5B7AAE0021D860 /* Build configuration list for PBXNativeTarget "JinroHelperTests" */;
			buildPhases = (
				2A5491F01A5B7AAE0021D860 /* Sources */,
				2A5491F11A5B7AAE0021D860 /* Frameworks */,
				2A5491F21A5B7AAE0021D860 /* Resources */,
			);
			buildRules = (
			);
			dependencies = (
				2A5491F61A5B7AAE0021D860 /* PBXTargetDependency */,
			);
			name = JinroHelperTests;
			productName = JinroHelperTests;
			productReference = 2A5491F41A5B7AAE0021D860 /* JinroHelperTests.xctest */;
			productType = "com.apple.product-type.bundle.unit-test";
		};
/* End PBXNativeTarget section */

/* Begin PBXProject section */
		2A5491D71A5B7AAE0021D860 /* Project object */ = {
			isa = PBXProject;
			attributes = {
				LastUpgradeCheck = 0610;
				ORGANIZATIONNAME = "Ryo Eguchi";
				TargetAttributes = {
					2A5491DE1A5B7AAE0021D860 = {
						CreatedOnToolsVersion = 6.1.1;
					};
					2A5491F31A5B7AAE0021D860 = {
						CreatedOnToolsVersion = 6.1.1;
						TestTargetID = 2A5491DE1A5B7AAE0021D860;
					};
				};
			};
			buildConfigurationList = 2A5491DA1A5B7AAE0021D860 /* Build configuration list for PBXProject "JinroHelper" */;
			compatibilityVersion = "Xcode 3.2";
			developmentRegion = English;
			hasScannedForEncodings = 0;
			knownRegions = (
				en,
				Base,
			);
			mainGroup = 2A5491D61A5B7AAE0021D860;
			productRefGroup = 2A5491E01A5B7AAE0021D860 /* Products */;
			projectDirPath = "";
			projectRoot = "";
			targets = (
				2A5491DE1A5B7AAE0021D860 /* JinroHelper */,
				2A5491F31A5B7AAE0021D860 /* JinroHelperTests */,
			);
		};
/* End PBXProject section */

/* Begin PBXResourcesBuildPhase section */
		2A5491DD1A5B7AAE0021D860 /* Resources */ = {
			isa = PBXResourcesBuildPhase;
			buildActionMask = 2147483647;
			files = (
				2A5C094E1A99C9D200365A91 /* 村人150s.png in Resources */,
				2A5491EA1A5B7AAE0021D860 /* Main.storyboard in Resources */,
				2ADD53B01A99B87800C6B3A7 /* Icon-Small@2x.png in Resources */,
				2A67780D1A98D4AE0011DACE /* SeatsTableViewCell.xib in Resources */,
				2A5491EF1A5B7AAE0021D860 /* LaunchScreen.xib in Resources */,
				2ADD53AB1A99B87800C6B3A7 /* Icon-60@2x.png in Resources */,
				2ADD53AA1A99B87800C6B3A7 /* Icon-40@3x.png in Resources */,
				2A00072D1A90F5B7001A56B4 /* SeatsCollectionViewCell.xib in Resources */,
				2ADD53AF1A99B87800C6B3A7 /* Icon-Small.png in Resources */,
				2A5C09451A99C64700365A91 /* 第3勢力150.png in Resources */,
				2A5C09431A99C64700365A91 /* 人狼150.png in Resources */,
				2ADD53AC1A99B87800C6B3A7 /* Icon-60@3x.png in Resources */,
				2A5C094F1A99C9D200365A91 /* 第3勢力150s.png in Resources */,
				2ADD538D1A98F45E00C6B3A7 /* FOT-BudoStd-L.otf in Resources */,
				2A5C094D1A99C9D200365A91 /* 人狼150s.png in Resources */,
				2A5491EC1A5B7AAE0021D860 /* Images.xcassets in Resources */,
				2ADD538E1A98F45E00C6B3A7 /* JOURNAL.TTF in Resources */,
				2A4F13D71A98A00600B0E3B3 /* コールドフィッシュ.mp3 in Resources */,
				2ADD53A91A99B87800C6B3A7 /* Icon-40@2x.png in Resources */,
				2ADD53A81A99B87800C6B3A7 /* Icon-40.png in Resources */,
				2ADD53B51A99B87800C6B3A7 /* Icon-Small-50.png in Resources */,
				2A5C094C1A99C9D200365A91 /* frame.png in Resources */,
				2ADD53B61A99B87800C6B3A7 /* Icon-Small-50@2x.png in Resources */,
				2A5C09441A99C64700365A91 /* 村人150.png in Resources */,
				2ADD53B11A99B87800C6B3A7 /* Icon-Small@3x.png in Resources */,
				2A3414B41A84F5DE0041DE12 /* RolePurchaseTableViewCell.xib in Resources */,
			);
			runOnlyForDeploymentPostprocessing = 0;
		};
		2A5491F21A5B7AAE0021D860 /* Resources */ = {
			isa = PBXResourcesBuildPhase;
			buildActionMask = 2147483647;
			files = (
			);
			runOnlyForDeploymentPostprocessing = 0;
		};
/* End PBXResourcesBuildPhase section */

/* Begin PBXShellScriptBuildPhase section */
		6A93B42EB06F57B1D8AE7D9E /* Copy Pods Resources */ = {
			isa = PBXShellScriptBuildPhase;
			buildActionMask = 2147483647;
			files = (
			);
			inputPaths = (
			);
			name = "Copy Pods Resources";
			outputPaths = (
			);
			runOnlyForDeploymentPostprocessing = 0;
			shellPath = /bin/sh;
			shellScript = "\"${SRCROOT}/Pods/Target Support Files/Pods/Pods-resources.sh\"\n";
			showEnvVarsInLog = 0;
		};
		ED2EBAFCE20967B4C5E1A1EC /* Check Pods Manifest.lock */ = {
			isa = PBXShellScriptBuildPhase;
			buildActionMask = 2147483647;
			files = (
			);
			inputPaths = (
			);
			name = "Check Pods Manifest.lock";
			outputPaths = (
			);
			runOnlyForDeploymentPostprocessing = 0;
			shellPath = /bin/sh;
			shellScript = "diff \"${PODS_ROOT}/../Podfile.lock\" \"${PODS_ROOT}/Manifest.lock\" > /dev/null\nif [[ $? != 0 ]] ; then\n    cat << EOM\nerror: The sandbox is not in sync with the Podfile.lock. Run 'pod install' or update your CocoaPods installation.\nEOM\n    exit 1\nfi\n";
			showEnvVarsInLog = 0;
		};
/* End PBXShellScriptBuildPhase section */

/* Begin PBXSourcesBuildPhase section */
		2A5491DB1A5B7AAE0021D860 /* Sources */ = {
			isa = PBXSourcesBuildPhase;
			buildActionMask = 2147483647;
			files = (
				2A2B980A1A9060F800E5B953 /* MKColor.swift in Sources */,
				2A2B98141A907BFC00E5B953 /* RoleSettingViewController.swift in Sources */,
				2A2B981C1A907CB200E5B953 /* OTPageScrollView.m in Sources */,
				2ADD53901A98F47400C6B3A7 /* RoleData.swift in Sources */,
				2A2B980E1A9060F800E5B953 /* MKTableViewCell.swift in Sources */,
				2A0007251A90F1A7001A56B4 /* CircleLayout.m in Sources */,
				2A00072C1A90F5B7001A56B4 /* SeatsCollectionViewCell.swift in Sources */,
				2A2B980B1A9060F800E5B953 /* MKImageView.swift in Sources */,
				2A2B98241A90CE6100E5B953 /* GameViewController.swift in Sources */,
				2A2B980D1A9060F800E5B953 /* MKLayer.swift in Sources */,
				2A5491E71A5B7AAE0021D860 /* ViewController.swift in Sources */,
				2A4F13D51A989FF100B0E3B3 /* BackgroundMusicManager.swift in Sources */,
				2A708AE21A8B0CF9003B1085 /* JinroHelper.xcdatamodeld in Sources */,
				2A6778071A98D1B70011DACE /* BBTableView.m in Sources */,
				2A5491E51A5B7AAE0021D860 /* AppDelegate.swift in Sources */,
				2A2B980C1A9060F800E5B953 /* MKLabel.swift in Sources */,
				2A2B981D1A907CB200E5B953 /* OTPageView.m in Sources */,
				2A708AAB1A8AFAB7003B1085 /* RolePurchaseTableViewController.swift in Sources */,
				2A5C09511A99D44E00365A91 /* RoleSettingCollectionViewCell.swift in Sources */,
				2A2B98091A9060F800E5B953 /* MKButton.swift in Sources */,
				2A6778091A98D1B70011DACE /* BBTableViewInterceptor.m in Sources */,
				2A2B980F1A9060F800E5B953 /* MKTextField.swift in Sources */,
				2A67780C1A98D4AE0011DACE /* SeatsTableViewCell.swift in Sources */,
				2A5C09471A99C77900365A91 /* RoleNumberSettingViewController.swift in Sources */,
				2AE3869C1A8BB305003CB8B7 /* AssignViewController.swift in Sources */,
				2A15B4001A90DBDD002805B9 /* SCLAlertView.swift in Sources */,
				2A3414B31A84F5DE0041DE12 /* RolePurchaseTableViewCell.swift in Sources */,
			);
			runOnlyForDeploymentPostprocessing = 0;
		};
		2A5491F01A5B7AAE0021D860 /* Sources */ = {
			isa = PBXSourcesBuildPhase;
			buildActionMask = 2147483647;
			files = (
				2A5491FB1A5B7AAE0021D860 /* JinroHelperTests.swift in Sources */,
			);
			runOnlyForDeploymentPostprocessing = 0;
		};
/* End PBXSourcesBuildPhase section */

/* Begin PBXTargetDependency section */
		2A5491F61A5B7AAE0021D860 /* PBXTargetDependency */ = {
			isa = PBXTargetDependency;
			target = 2A5491DE1A5B7AAE0021D860 /* JinroHelper */;
			targetProxy = 2A5491F51A5B7AAE0021D860 /* PBXContainerItemProxy */;
		};
/* End PBXTargetDependency section */

/* Begin PBXVariantGroup section */
		2A5491E81A5B7AAE0021D860 /* Main.storyboard */ = {
			isa = PBXVariantGroup;
			children = (
				2A5491E91A5B7AAE0021D860 /* Base */,
			);
			name = Main.storyboard;
			sourceTree = "<group>";
		};
		2A5491ED1A5B7AAE0021D860 /* LaunchScreen.xib */ = {
			isa = PBXVariantGroup;
			children = (
				2A5491EE1A5B7AAE0021D860 /* Base */,
			);
			name = LaunchScreen.xib;
			sourceTree = "<group>";
		};
/* End PBXVariantGroup section */

/* Begin XCBuildConfiguration section */
		2A5491FC1A5B7AAE0021D860 /* Debug */ = {
			isa = XCBuildConfiguration;
			buildSettings = {
				ALWAYS_SEARCH_USER_PATHS = NO;
				CLANG_CXX_LANGUAGE_STANDARD = "gnu++0x";
				CLANG_CXX_LIBRARY = "libc++";
				CLANG_ENABLE_MODULES = YES;
				CLANG_ENABLE_OBJC_ARC = YES;
				CLANG_WARN_BOOL_CONVERSION = YES;
				CLANG_WARN_CONSTANT_CONVERSION = YES;
				CLANG_WARN_DIRECT_OBJC_ISA_USAGE = YES_ERROR;
				CLANG_WARN_EMPTY_BODY = YES;
				CLANG_WARN_ENUM_CONVERSION = YES;
				CLANG_WARN_INT_CONVERSION = YES;
				CLANG_WARN_OBJC_ROOT_CLASS = YES_ERROR;
				CLANG_WARN_UNREACHABLE_CODE = YES;
				CLANG_WARN__DUPLICATE_METHOD_MATCH = YES;
				"CODE_SIGN_IDENTITY[sdk=iphoneos*]" = "iPhone Developer";
				COPY_PHASE_STRIP = NO;
				ENABLE_STRICT_OBJC_MSGSEND = YES;
				GCC_C_LANGUAGE_STANDARD = gnu99;
				GCC_DYNAMIC_NO_PIC = NO;
				GCC_OPTIMIZATION_LEVEL = 0;
				GCC_PREPROCESSOR_DEFINITIONS = (
					"DEBUG=1",
					"$(inherited)",
				);
				GCC_SYMBOLS_PRIVATE_EXTERN = NO;
				GCC_WARN_64_TO_32_BIT_CONVERSION = YES;
				GCC_WARN_ABOUT_RETURN_TYPE = YES_ERROR;
				GCC_WARN_UNDECLARED_SELECTOR = YES;
				GCC_WARN_UNINITIALIZED_AUTOS = YES_AGGRESSIVE;
				GCC_WARN_UNUSED_FUNCTION = YES;
				GCC_WARN_UNUSED_VARIABLE = YES;
				IPHONEOS_DEPLOYMENT_TARGET = 8.1;
				MTL_ENABLE_DEBUG_INFO = YES;
				ONLY_ACTIVE_ARCH = YES;
				SDKROOT = iphoneos;
				SWIFT_OPTIMIZATION_LEVEL = "-Onone";
			};
			name = Debug;
		};
		2A5491FD1A5B7AAE0021D860 /* Release */ = {
			isa = XCBuildConfiguration;
			buildSettings = {
				ALWAYS_SEARCH_USER_PATHS = NO;
				CLANG_CXX_LANGUAGE_STANDARD = "gnu++0x";
				CLANG_CXX_LIBRARY = "libc++";
				CLANG_ENABLE_MODULES = YES;
				CLANG_ENABLE_OBJC_ARC = YES;
				CLANG_WARN_BOOL_CONVERSION = YES;
				CLANG_WARN_CONSTANT_CONVERSION = YES;
				CLANG_WARN_DIRECT_OBJC_ISA_USAGE = YES_ERROR;
				CLANG_WARN_EMPTY_BODY = YES;
				CLANG_WARN_ENUM_CONVERSION = YES;
				CLANG_WARN_INT_CONVERSION = YES;
				CLANG_WARN_OBJC_ROOT_CLASS = YES_ERROR;
				CLANG_WARN_UNREACHABLE_CODE = YES;
				CLANG_WARN__DUPLICATE_METHOD_MATCH = YES;
				"CODE_SIGN_IDENTITY[sdk=iphoneos*]" = "iPhone Developer";
				COPY_PHASE_STRIP = YES;
				ENABLE_NS_ASSERTIONS = NO;
				ENABLE_STRICT_OBJC_MSGSEND = YES;
				GCC_C_LANGUAGE_STANDARD = gnu99;
				GCC_WARN_64_TO_32_BIT_CONVERSION = YES;
				GCC_WARN_ABOUT_RETURN_TYPE = YES_ERROR;
				GCC_WARN_UNDECLARED_SELECTOR = YES;
				GCC_WARN_UNINITIALIZED_AUTOS = YES_AGGRESSIVE;
				GCC_WARN_UNUSED_FUNCTION = YES;
				GCC_WARN_UNUSED_VARIABLE = YES;
				IPHONEOS_DEPLOYMENT_TARGET = 8.1;
				MTL_ENABLE_DEBUG_INFO = NO;
				SDKROOT = iphoneos;
				VALIDATE_PRODUCT = YES;
			};
			name = Release;
		};
		2A5491FF1A5B7AAE0021D860 /* Debug */ = {
			isa = XCBuildConfiguration;
			baseConfigurationReference = 7683E2E7E27FC85C90772DC0 /* Pods.debug.xcconfig */;
			buildSettings = {
				ASSETCATALOG_COMPILER_APPICON_NAME = AppIcon;
				CLANG_ENABLE_MODULES = YES;
				INFOPLIST_FILE = JinroHelper/Info.plist;
				LD_RUNPATH_SEARCH_PATHS = "$(inherited) @executable_path/Frameworks";
				PRODUCT_NAME = "$(TARGET_NAME)";
				SWIFT_OBJC_BRIDGING_HEADER = "JinroHelper-Bridging-Header.h";
				SWIFT_OPTIMIZATION_LEVEL = "-Onone";
			};
			name = Debug;
		};
		2A5492001A5B7AAE0021D860 /* Release */ = {
			isa = XCBuildConfiguration;
			baseConfigurationReference = CF48E132A30DCDC322CE500E /* Pods.release.xcconfig */;
			buildSettings = {
				ASSETCATALOG_COMPILER_APPICON_NAME = AppIcon;
				CLANG_ENABLE_MODULES = YES;
				INFOPLIST_FILE = JinroHelper/Info.plist;
				LD_RUNPATH_SEARCH_PATHS = "$(inherited) @executable_path/Frameworks";
				PRODUCT_NAME = "$(TARGET_NAME)";
				SWIFT_OBJC_BRIDGING_HEADER = "JinroHelper-Bridging-Header.h";
				SWIFT_OPTIMIZATION_LEVEL = "-O";
			};
			name = Release;
		};
		2A5492021A5B7AAE0021D860 /* Debug */ = {
			isa = XCBuildConfiguration;
			buildSettings = {
				BUNDLE_LOADER = "$(TEST_HOST)";
				FRAMEWORK_SEARCH_PATHS = (
					"$(SDKROOT)/Developer/Library/Frameworks",
					"$(inherited)",
				);
				GCC_PREPROCESSOR_DEFINITIONS = (
					"DEBUG=1",
					"$(inherited)",
				);
				INFOPLIST_FILE = JinroHelperTests/Info.plist;
				LD_RUNPATH_SEARCH_PATHS = "$(inherited) @executable_path/Frameworks @loader_path/Frameworks";
				PRODUCT_NAME = "$(TARGET_NAME)";
				TEST_HOST = "$(BUILT_PRODUCTS_DIR)/JinroHelper.app/JinroHelper";
			};
			name = Debug;
		};
		2A5492031A5B7AAE0021D860 /* Release */ = {
			isa = XCBuildConfiguration;
			buildSettings = {
				BUNDLE_LOADER = "$(TEST_HOST)";
				FRAMEWORK_SEARCH_PATHS = (
					"$(SDKROOT)/Developer/Library/Frameworks",
					"$(inherited)",
				);
				INFOPLIST_FILE = JinroHelperTests/Info.plist;
				LD_RUNPATH_SEARCH_PATHS = "$(inherited) @executable_path/Frameworks @loader_path/Frameworks";
				PRODUCT_NAME = "$(TARGET_NAME)";
				TEST_HOST = "$(BUILT_PRODUCTS_DIR)/JinroHelper.app/JinroHelper";
			};
			name = Release;
		};
/* End XCBuildConfiguration section */

/* Begin XCConfigurationList section */
		2A5491DA1A5B7AAE0021D860 /* Build configuration list for PBXProject "JinroHelper" */ = {
			isa = XCConfigurationList;
			buildConfigurations = (
				2A5491FC1A5B7AAE0021D860 /* Debug */,
				2A5491FD1A5B7AAE0021D860 /* Release */,
			);
			defaultConfigurationIsVisible = 0;
			defaultConfigurationName = Release;
		};
		2A5491FE1A5B7AAE0021D860 /* Build configuration list for PBXNativeTarget "JinroHelper" */ = {
			isa = XCConfigurationList;
			buildConfigurations = (
				2A5491FF1A5B7AAE0021D860 /* Debug */,
				2A5492001A5B7AAE0021D860 /* Release */,
			);
			defaultConfigurationIsVisible = 0;
			defaultConfigurationName = Release;
		};
		2A5492011A5B7AAE0021D860 /* Build configuration list for PBXNativeTarget "JinroHelperTests" */ = {
			isa = XCConfigurationList;
			buildConfigurations = (
				2A5492021A5B7AAE0021D860 /* Debug */,
				2A5492031A5B7AAE0021D860 /* Release */,
			);
			defaultConfigurationIsVisible = 0;
			defaultConfigurationName = Release;
		};
/* End XCConfigurationList section */

/* Begin XCVersionGroup section */
		2A708AE01A8B0CF9003B1085 /* JinroHelper.xcdatamodeld */ = {
			isa = XCVersionGroup;
			children = (
				2A708AE11A8B0CF9003B1085 /* JinroHelper.xcdatamodel */,
			);
			currentVersion = 2A708AE11A8B0CF9003B1085 /* JinroHelper.xcdatamodel */;
			path = JinroHelper.xcdatamodeld;
			sourceTree = SOURCE_ROOT;
			versionGroupType = wrapper.xcdatamodel;
		};
/* End XCVersionGroup section */
	};
	rootObject = 2A5491D71A5B7AAE0021D860 /* Project object */;
}
